{
  "object": {
    "pins": [
      {
        "package": "PopupView",
        "repositoryURL": "https://github.com/exyte/PopupView",
        "state": {
          "branch": null,
          "revision": "fd37cca19583f784288dc3f1d22e9c5c69d6fd68",
          "version": "0.0.10"
        }
      }
    ]
  },
  "version": 1
}
